
Microsoft Visual Studio Solution File, Format Version 12.00
# Visual Studio Version 17
VisualStudioVersion = 17.1.32210.238
MinimumVisualStudioVersion = 10.0.40219.1
Project("{FAE04EC0-301F-11D3-BF4B-00C04F79EFBC}") = "myMLApp", "myMLApp\myMLApp.csproj", "{310BDAD0-794F-429F-851A-3CAAA1EC090D}"
EndProject
Project("{9A19103F-16F7-4668-BE54-9A1E7A4F7556}") = "SentimentModel_ConsoleApp1", "SentimentModel_ConsoleApp1\SentimentModel_ConsoleApp1.csproj", "{4067E9DE-F529-47F3-AE67-05FA106CCDBB}"
EndProject
Global
	GlobalSection(SolutionConfigurationPlatforms) = preSolution
		Debug|Any CPU = Debug|Any CPU
		Release|Any CPU = Release|Any CPU
	EndGlobalSection
	GlobalSection(ProjectConfigurationPlatforms) = postSolution
		{310BDAD0-794F-429F-851A-3CAAA1EC090D}.Debug|Any CPU.ActiveCfg = Debug|Any CPU
		{310BDAD0-794F-429F-851A-3CAAA1EC090D}.Debug|Any CPU.Build.0 = Debug|Any CPU
		{310BDAD0-794F-429F-851A-3CAAA1EC090D}.Release|Any CPU.ActiveCfg = Release|Any CPU
		{310BDAD0-794F-429F-851A-3CAAA1EC090D}.Release|Any CPU.Build.0 = Release|Any CPU
		{4067E9DE-F529-47F3-AE67-05FA106CCDBB}.Debug|Any CPU.ActiveCfg = Debug|Any CPU
		{4067E9DE-F529-47F3-AE67-05FA106CCDBB}.Debug|Any CPU.Build.0 = Debug|Any CPU
		{4067E9DE-F529-47F3-AE67-05FA106CCDBB}.Release|Any CPU.ActiveCfg = Release|Any CPU
		{4067E9DE-F529-47F3-AE67-05FA106CCDBB}.Release|Any CPU.Build.0 = Release|Any CPU
	EndGlobalSection
	GlobalSection(SolutionProperties) = preSolution
		HideSolutionNode = FALSE
	EndGlobalSection
	GlobalSection(ExtensibilityGlobals) = postSolution
		SolutionGuid = {59168C81-E3E9-4C9F-90DB-786CB63DC4E1}
	EndGlobalSection
EndGlobal
